
Microsoft Visual Studio Solution File, Format Version 12.00
# Visual Studio Version 17
VisualStudioVersion = 17.9.34902.65
MinimumVisualStudioVersion = 10.0.40219.1
Project("{9A19103F-16F7-4668-BE54-9A1E7A4F7556}") = "Text Encryption&Decryption Tool", "File Encryption&Decryption Tool\Text Encryption&Decryption Tool.csproj", "{15F72092-3639-4351-82A7-456CFA65E517}"
EndProject
Global
	GlobalSection(SolutionConfigurationPlatforms) = preSolution
		Debug|Any CPU = Debug|Any CPU
		Release|Any CPU = Release|Any CPU
	EndGlobalSection
	GlobalSection(ProjectConfigurationPlatforms) = postSolution
		{15F72092-3639-4351-82A7-456CFA65E517}.Debug|Any CPU.ActiveCfg = Debug|Any CPU
		{15F72092-3639-4351-82A7-456CFA65E517}.Debug|Any CPU.Build.0 = Debug|Any CPU
		{15F72092-3639-4351-82A7-456CFA65E517}.Release|Any CPU.ActiveCfg = Release|Any CPU
		{15F72092-3639-4351-82A7-456CFA65E517}.Release|Any CPU.Build.0 = Release|Any CPU
	EndGlobalSection
	GlobalSection(SolutionProperties) = preSolution
		HideSolutionNode = FALSE
	EndGlobalSection
	GlobalSection(ExtensibilityGlobals) = postSolution
		SolutionGuid = {1B6E6E13-294D-413D-B5CA-7BCB034B5B56}
	EndGlobalSection
EndGlobal
